
Microsoft Visual Studio Solution File, Format Version 11.00
# Visual Studio 2010
Project("{4925A630-B079-445d-BCD4-3A9C94FE9307}") = "fsharp-refactor", "fsharp-refactor\fsharp-refactor.fsproj", "{3544E0C9-C69F-466E-9880-D94B8FD00863}"
EndProject
Global
	GlobalSection(SolutionConfigurationPlatforms) = preSolution
		Debug|Any CPU = Debug|Any CPU
		Release|Any CPU = Release|Any CPU
	EndGlobalSection
	GlobalSection(ProjectConfigurationPlatforms) = postSolution
		{3544E0C9-C69F-466E-9880-D94B8FD00863}.Debug|Any CPU.ActiveCfg = Debug|Any CPU
		{3544E0C9-C69F-466E-9880-D94B8FD00863}.Debug|Any CPU.Build.0 = Debug|Any CPU
		{3544E0C9-C69F-466E-9880-D94B8FD00863}.Release|Any CPU.ActiveCfg = Release|Any CPU
		{3544E0C9-C69F-466E-9880-D94B8FD00863}.Release|Any CPU.Build.0 = Release|Any CPU
	EndGlobalSection
	GlobalSection(MonoDevelopProperties) = preSolution
		StartupItem = fsharp-refactor\fsharp-refactor.fsproj
	EndGlobalSection
EndGlobal
